
Microsoft Visual Studio Solution File, Format Version 12.00
# Visual Studio 15
VisualStudioVersion = 15.0.27004.2006
MinimumVisualStudioVersion = 10.0.40219.1
Project("{FAE04EC0-301F-11D3-BF4B-00C04F79EFBC}") = "CppAaS", "CppAaS\CppAaS.csproj", "{DAD497F7-9492-48C1-801F-94C9421AA545}"
EndProject
Project("{E53339B2-1760-4266-BCC7-CA923CBCF16C}") = "docker-compose", "docker-compose.dcproj", "{07056B19-BFA6-41A5-AFEE-54344B7FA70E}"
EndProject
Global
	GlobalSection(SolutionConfigurationPlatforms) = preSolution
		Debug|Any CPU = Debug|Any CPU
		Release|Any CPU = Release|Any CPU
	EndGlobalSection
	GlobalSection(ProjectConfigurationPlatforms) = postSolution
		{DAD497F7-9492-48C1-801F-94C9421AA545}.Debug|Any CPU.ActiveCfg = Debug|Any CPU
		{DAD497F7-9492-48C1-801F-94C9421AA545}.Debug|Any CPU.Build.0 = Debug|Any CPU
		{DAD497F7-9492-48C1-801F-94C9421AA545}.Release|Any CPU.ActiveCfg = Release|Any CPU
		{DAD497F7-9492-48C1-801F-94C9421AA545}.Release|Any CPU.Build.0 = Release|Any CPU
		{07056B19-BFA6-41A5-AFEE-54344B7FA70E}.Debug|Any CPU.ActiveCfg = Debug|Any CPU
		{07056B19-BFA6-41A5-AFEE-54344B7FA70E}.Debug|Any CPU.Build.0 = Debug|Any CPU
		{07056B19-BFA6-41A5-AFEE-54344B7FA70E}.Release|Any CPU.ActiveCfg = Release|Any CPU
		{07056B19-BFA6-41A5-AFEE-54344B7FA70E}.Release|Any CPU.Build.0 = Release|Any CPU
	EndGlobalSection
	GlobalSection(SolutionProperties) = preSolution
		HideSolutionNode = FALSE
	EndGlobalSection
	GlobalSection(ExtensibilityGlobals) = postSolution
		SolutionGuid = {704FB620-C6C1-407D-B04E-9379ECBA6E48}
	EndGlobalSection
EndGlobal
